{
  "pins" : [
    {
      "identity" : "notionswift",
      "kind" : "remoteSourceControl",
      "location" : "https://github.com/khaptonstall/NotionSwift",
      "state" : {
        "branch" : "feature/support-status-filter",
        "revision" : "d6983bb4526cbb75edd666d1487d8ac3ba578efc"
      }
    },
    {
      "identity" : "swift-argument-parser",
      "kind" : "remoteSourceControl",
      "location" : "https://github.com/apple/swift-argument-parser.git",
      "state" : {
        "revision" : "46989693916f56d1186bd59ac15124caef896560",
        "version" : "1.3.1"
      }
    }
  ],
  "version" : 2
}
